
Microsoft Visual Studio Solution File, Format Version 12.00
# Visual Studio Version 17
VisualStudioVersion = 17.12.35707.178
MinimumVisualStudioVersion = 10.0.40219.1
Project("{2150E333-8FDC-42A3-9474-1A3956D46DE8}") = "Services", "Services", "{7D8608F0-1D0D-4BDD-8D19-23EE90D6CB23}"
EndProject
Project("{2150E333-8FDC-42A3-9474-1A3956D46DE8}") = "Catalog", "Catalog", "{486A3A5A-B66D-4BBB-8235-7F6F3DA11E45}"
EndProject
Project("{FAE04EC0-301F-11D3-BF4B-00C04F79EFBC}") = "CatalogAPI", "Services\Catalog\CatalogAPI\CatalogAPI.csproj", "{5D5D7084-F800-46B2-A97C-7B62D8825AFE}"
EndProject
Project("{2150E333-8FDC-42A3-9474-1A3956D46DE8}") = "BuildingBlocks", "BuildingBlocks", "{E6F1BA01-2BAC-42F2-A50A-508C59FA5155}"
EndProject
Project("{FAE04EC0-301F-11D3-BF4B-00C04F79EFBC}") = "BuildingBlocks", "BuildingBlocks\BuildingBlocks\BuildingBlocks.csproj", "{BC0A70C7-8BEE-44E5-B556-DF80C0303B19}"
EndProject
Project("{E53339B2-1760-4266-BCC7-CA923CBCF16C}") = "docker-compose", "docker-compose.dcproj", "{DDE5CC84-4D2B-422C-89AD-74C9541E3635}"
EndProject
Global
	GlobalSection(SolutionConfigurationPlatforms) = preSolution
		Debug|Any CPU = Debug|Any CPU
		Release|Any CPU = Release|Any CPU
	EndGlobalSection
	GlobalSection(ProjectConfigurationPlatforms) = postSolution
		{5D5D7084-F800-46B2-A97C-7B62D8825AFE}.Debug|Any CPU.ActiveCfg = Debug|Any CPU
		{5D5D7084-F800-46B2-A97C-7B62D8825AFE}.Debug|Any CPU.Build.0 = Debug|Any CPU
		{5D5D7084-F800-46B2-A97C-7B62D8825AFE}.Release|Any CPU.ActiveCfg = Release|Any CPU
		{5D5D7084-F800-46B2-A97C-7B62D8825AFE}.Release|Any CPU.Build.0 = Release|Any CPU
		{BC0A70C7-8BEE-44E5-B556-DF80C0303B19}.Debug|Any CPU.ActiveCfg = Debug|Any CPU
		{BC0A70C7-8BEE-44E5-B556-DF80C0303B19}.Debug|Any CPU.Build.0 = Debug|Any CPU
		{BC0A70C7-8BEE-44E5-B556-DF80C0303B19}.Release|Any CPU.ActiveCfg = Release|Any CPU
		{BC0A70C7-8BEE-44E5-B556-DF80C0303B19}.Release|Any CPU.Build.0 = Release|Any CPU
		{DDE5CC84-4D2B-422C-89AD-74C9541E3635}.Debug|Any CPU.ActiveCfg = Debug|Any CPU
		{DDE5CC84-4D2B-422C-89AD-74C9541E3635}.Debug|Any CPU.Build.0 = Debug|Any CPU
		{DDE5CC84-4D2B-422C-89AD-74C9541E3635}.Release|Any CPU.ActiveCfg = Release|Any CPU
		{DDE5CC84-4D2B-422C-89AD-74C9541E3635}.Release|Any CPU.Build.0 = Release|Any CPU
	EndGlobalSection
	GlobalSection(SolutionProperties) = preSolution
		HideSolutionNode = FALSE
	EndGlobalSection
	GlobalSection(NestedProjects) = preSolution
		{486A3A5A-B66D-4BBB-8235-7F6F3DA11E45} = {7D8608F0-1D0D-4BDD-8D19-23EE90D6CB23}
		{5D5D7084-F800-46B2-A97C-7B62D8825AFE} = {486A3A5A-B66D-4BBB-8235-7F6F3DA11E45}
		{BC0A70C7-8BEE-44E5-B556-DF80C0303B19} = {E6F1BA01-2BAC-42F2-A50A-508C59FA5155}
	EndGlobalSection
EndGlobal
