
Microsoft Visual Studio Solution File, Format Version 12.00
# Visual Studio Version 17
VisualStudioVersion = 17.12.35707.178
MinimumVisualStudioVersion = 10.0.40219.1
Project("{2150E333-8FDC-42A3-9474-1A3956D46DE8}") = "Services", "Services", "{7D8608F0-1D0D-4BDD-8D19-23EE90D6CB23}"
EndProject
Project("{2150E333-8FDC-42A3-9474-1A3956D46DE8}") = "Catalog", "Catalog", "{486A3A5A-B66D-4BBB-8235-7F6F3DA11E45}"
EndProject
Project("{FAE04EC0-301F-11D3-BF4B-00C04F79EFBC}") = "CatalogAPI", "Services\Catalog\CatalogAPI\CatalogAPI.csproj", "{5D5D7084-F800-46B2-A97C-7B62D8825AFE}"
EndProject
Project("{2150E333-8FDC-42A3-9474-1A3956D46DE8}") = "BuildingBlocks", "BuildingBlocks", "{E6F1BA01-2BAC-42F2-A50A-508C59FA5155}"
EndProject
Project("{FAE04EC0-301F-11D3-BF4B-00C04F79EFBC}") = "BuildingBlocks", "BuildingBlocks\BuildingBlocks\BuildingBlocks.csproj", "{BC0A70C7-8BEE-44E5-B556-DF80C0303B19}"
EndProject
Project("{E53339B2-1760-4266-BCC7-CA923CBCF16C}") = "docker-compose", "docker-compose.dcproj", "{DDE5CC84-4D2B-422C-89AD-74C9541E3635}"
EndProject
Project("{2150E333-8FDC-42A3-9474-1A3956D46DE8}") = "Basket", "Basket", "{8B4F08DE-EFDC-4B11-A285-119060350B25}"
EndProject
Project("{FAE04EC0-301F-11D3-BF4B-00C04F79EFBC}") = "Basket.API", "Services\Basket\Basket.API\Basket.API.csproj", "{0DA9C6A4-9027-42CE-B028-BFD9A4ED844C}"
EndProject
Project("{2150E333-8FDC-42A3-9474-1A3956D46DE8}") = "Discount", "Discount", "{09AC0504-FB23-4556-AE84-ABF6D40B64D3}"
EndProject
Project("{FAE04EC0-301F-11D3-BF4B-00C04F79EFBC}") = "Discount.Grpc", "Services\Discount\Discount.Grpc\Discount.Grpc.csproj", "{D5232F59-EE1D-466D-B483-6CCB1FDA82AB}"
EndProject
Project("{2150E333-8FDC-42A3-9474-1A3956D46DE8}") = "Ordering", "Ordering", "{B26DBB13-340F-49B9-A5A7-047FE3D8DAB1}"
EndProject
Project("{FAE04EC0-301F-11D3-BF4B-00C04F79EFBC}") = "Ordering.API", "Services\Ordering\Ordering.API\Ordering.API.csproj", "{0DAE896D-32D9-4ACC-8967-6B753A59F0C6}"
EndProject
Project("{FAE04EC0-301F-11D3-BF4B-00C04F79EFBC}") = "Ordering.Domain", "Services\Ordering\Ordering.Domain\Ordering.Domain.csproj", "{6232AD34-BF54-43CA-BD19-052EC29E03DD}"
EndProject
Project("{FAE04EC0-301F-11D3-BF4B-00C04F79EFBC}") = "Ordering.Application", "Services\Ordering\Ordering.Application\Ordering.Application.csproj", "{63110361-0797-49CB-B5D1-BCAEFBDB2013}"
EndProject
Project("{FAE04EC0-301F-11D3-BF4B-00C04F79EFBC}") = "Ordering.Infrastructure", "Services\Ordering\Ordering.Infrastructure\Ordering.Infrastructure.csproj", "{6116797A-A9BD-4C8B-9319-CEC5F0B2C713}"
EndProject
Global
	GlobalSection(SolutionConfigurationPlatforms) = preSolution
		Debug|Any CPU = Debug|Any CPU
		Release|Any CPU = Release|Any CPU
	EndGlobalSection
	GlobalSection(ProjectConfigurationPlatforms) = postSolution
		{5D5D7084-F800-46B2-A97C-7B62D8825AFE}.Debug|Any CPU.ActiveCfg = Debug|Any CPU
		{5D5D7084-F800-46B2-A97C-7B62D8825AFE}.Debug|Any CPU.Build.0 = Debug|Any CPU
		{5D5D7084-F800-46B2-A97C-7B62D8825AFE}.Release|Any CPU.ActiveCfg = Release|Any CPU
		{5D5D7084-F800-46B2-A97C-7B62D8825AFE}.Release|Any CPU.Build.0 = Release|Any CPU
		{BC0A70C7-8BEE-44E5-B556-DF80C0303B19}.Debug|Any CPU.ActiveCfg = Debug|Any CPU
		{BC0A70C7-8BEE-44E5-B556-DF80C0303B19}.Debug|Any CPU.Build.0 = Debug|Any CPU
		{BC0A70C7-8BEE-44E5-B556-DF80C0303B19}.Release|Any CPU.ActiveCfg = Release|Any CPU
		{BC0A70C7-8BEE-44E5-B556-DF80C0303B19}.Release|Any CPU.Build.0 = Release|Any CPU
		{DDE5CC84-4D2B-422C-89AD-74C9541E3635}.Debug|Any CPU.ActiveCfg = Debug|Any CPU
		{DDE5CC84-4D2B-422C-89AD-74C9541E3635}.Debug|Any CPU.Build.0 = Debug|Any CPU
		{DDE5CC84-4D2B-422C-89AD-74C9541E3635}.Release|Any CPU.ActiveCfg = Release|Any CPU
		{DDE5CC84-4D2B-422C-89AD-74C9541E3635}.Release|Any CPU.Build.0 = Release|Any CPU
		{0DA9C6A4-9027-42CE-B028-BFD9A4ED844C}.Debug|Any CPU.ActiveCfg = Debug|Any CPU
		{0DA9C6A4-9027-42CE-B028-BFD9A4ED844C}.Debug|Any CPU.Build.0 = Debug|Any CPU
		{0DA9C6A4-9027-42CE-B028-BFD9A4ED844C}.Release|Any CPU.ActiveCfg = Release|Any CPU
		{0DA9C6A4-9027-42CE-B028-BFD9A4ED844C}.Release|Any CPU.Build.0 = Release|Any CPU
		{D5232F59-EE1D-466D-B483-6CCB1FDA82AB}.Debug|Any CPU.ActiveCfg = Debug|Any CPU
		{D5232F59-EE1D-466D-B483-6CCB1FDA82AB}.Debug|Any CPU.Build.0 = Debug|Any CPU
		{D5232F59-EE1D-466D-B483-6CCB1FDA82AB}.Release|Any CPU.ActiveCfg = Release|Any CPU
		{D5232F59-EE1D-466D-B483-6CCB1FDA82AB}.Release|Any CPU.Build.0 = Release|Any CPU
		{0DAE896D-32D9-4ACC-8967-6B753A59F0C6}.Debug|Any CPU.ActiveCfg = Debug|Any CPU
		{0DAE896D-32D9-4ACC-8967-6B753A59F0C6}.Debug|Any CPU.Build.0 = Debug|Any CPU
		{0DAE896D-32D9-4ACC-8967-6B753A59F0C6}.Release|Any CPU.ActiveCfg = Release|Any CPU
		{0DAE896D-32D9-4ACC-8967-6B753A59F0C6}.Release|Any CPU.Build.0 = Release|Any CPU
		{6232AD34-BF54-43CA-BD19-052EC29E03DD}.Debug|Any CPU.ActiveCfg = Debug|Any CPU
		{6232AD34-BF54-43CA-BD19-052EC29E03DD}.Debug|Any CPU.Build.0 = Debug|Any CPU
		{6232AD34-BF54-43CA-BD19-052EC29E03DD}.Release|Any CPU.ActiveCfg = Release|Any CPU
		{6232AD34-BF54-43CA-BD19-052EC29E03DD}.Release|Any CPU.Build.0 = Release|Any CPU
		{63110361-0797-49CB-B5D1-BCAEFBDB2013}.Debug|Any CPU.ActiveCfg = Debug|Any CPU
		{63110361-0797-49CB-B5D1-BCAEFBDB2013}.Debug|Any CPU.Build.0 = Debug|Any CPU
		{63110361-0797-49CB-B5D1-BCAEFBDB2013}.Release|Any CPU.ActiveCfg = Release|Any CPU
		{63110361-0797-49CB-B5D1-BCAEFBDB2013}.Release|Any CPU.Build.0 = Release|Any CPU
		{6116797A-A9BD-4C8B-9319-CEC5F0B2C713}.Debug|Any CPU.ActiveCfg = Debug|Any CPU
		{6116797A-A9BD-4C8B-9319-CEC5F0B2C713}.Debug|Any CPU.Build.0 = Debug|Any CPU
		{6116797A-A9BD-4C8B-9319-CEC5F0B2C713}.Release|Any CPU.ActiveCfg = Release|Any CPU
		{6116797A-A9BD-4C8B-9319-CEC5F0B2C713}.Release|Any CPU.Build.0 = Release|Any CPU
	EndGlobalSection
	GlobalSection(SolutionProperties) = preSolution
		HideSolutionNode = FALSE
	EndGlobalSection
	GlobalSection(NestedProjects) = preSolution
		{486A3A5A-B66D-4BBB-8235-7F6F3DA11E45} = {7D8608F0-1D0D-4BDD-8D19-23EE90D6CB23}
		{5D5D7084-F800-46B2-A97C-7B62D8825AFE} = {486A3A5A-B66D-4BBB-8235-7F6F3DA11E45}
		{BC0A70C7-8BEE-44E5-B556-DF80C0303B19} = {E6F1BA01-2BAC-42F2-A50A-508C59FA5155}
		{8B4F08DE-EFDC-4B11-A285-119060350B25} = {7D8608F0-1D0D-4BDD-8D19-23EE90D6CB23}
		{0DA9C6A4-9027-42CE-B028-BFD9A4ED844C} = {8B4F08DE-EFDC-4B11-A285-119060350B25}
		{09AC0504-FB23-4556-AE84-ABF6D40B64D3} = {7D8608F0-1D0D-4BDD-8D19-23EE90D6CB23}
		{D5232F59-EE1D-466D-B483-6CCB1FDA82AB} = {09AC0504-FB23-4556-AE84-ABF6D40B64D3}
		{B26DBB13-340F-49B9-A5A7-047FE3D8DAB1} = {7D8608F0-1D0D-4BDD-8D19-23EE90D6CB23}
		{0DAE896D-32D9-4ACC-8967-6B753A59F0C6} = {B26DBB13-340F-49B9-A5A7-047FE3D8DAB1}
		{6232AD34-BF54-43CA-BD19-052EC29E03DD} = {B26DBB13-340F-49B9-A5A7-047FE3D8DAB1}
		{63110361-0797-49CB-B5D1-BCAEFBDB2013} = {B26DBB13-340F-49B9-A5A7-047FE3D8DAB1}
		{6116797A-A9BD-4C8B-9319-CEC5F0B2C713} = {B26DBB13-340F-49B9-A5A7-047FE3D8DAB1}
	EndGlobalSection
EndGlobal
